dependencies:
- name: common
  repository: https://charts.bitnami.com/bitnami
  version: 1.17.1
- name: airbyte-bootloader
  repository: https://airbytehq.github.io/helm-charts/
  version: 1.3.0
- name: temporal
  repository: https://airbytehq.github.io/helm-charts/
  version: 1.3.0
- name: temporal-ui
  repository: https://airbytehq.github.io/helm-charts/
  version: 1.3.0
- name: webapp
  repository: https://airbytehq.github.io/helm-charts/
  version: 1.3.0
- name: server
  repository: https://airbytehq.github.io/helm-charts/
  version: 1.3.0
- name: worker
  repository: https://airbytehq.github.io/helm-charts/
  version: 1.3.0
- name: workload-api-server
  repository: https://airbytehq.github.io/helm-charts/
  version: 1.3.0
- name: workload-launcher
  repository: https://airbytehq.github.io/helm-charts/
  version: 1.3.0
- name: pod-sweeper
  repository: https://airbytehq.github.io/helm-charts/
  version: 1.3.0
- name: metrics
  repository: https://airbytehq.github.io/helm-charts/
  version: 1.3.0
- name: cron
  repository: https://airbytehq.github.io/helm-charts/
  version: 1.3.0
- name: connector-builder-server
  repository: https://airbytehq.github.io/helm-charts/
  version: 1.3.0
- name: connector-rollout-worker
  repository: https://airbytehq.github.io/helm-charts/
  version: 1.3.0
- name: keycloak
  repository: https://airbytehq.github.io/helm-charts/
  version: 1.3.0
- name: keycloak-setup
  repository: https://airbytehq.github.io/helm-charts/
  version: 1.3.0
digest: sha256:f0a8ad517d58f33d56b16654e9b868a981e7dbac7af214473a8f486dc5a2e563
generated: "2024-12-09T21:59:21.985259637Z"
