dependencies:
- name: common
  repository: https://charts.bitnami.com/bitnami
  version: 1.17.1
- name: airbyte-bootloader
  repository: https://airbytehq.github.io/helm-charts/
  version: 1.2.0
- name: temporal
  repository: https://airbytehq.github.io/helm-charts/
  version: 1.2.0
- name: temporal-ui
  repository: https://airbytehq.github.io/helm-charts/
  version: 1.2.0
- name: webapp
  repository: https://airbytehq.github.io/helm-charts/
  version: 1.2.0
- name: server
  repository: https://airbytehq.github.io/helm-charts/
  version: 1.2.0
- name: worker
  repository: https://airbytehq.github.io/helm-charts/
  version: 1.2.0
- name: workload-api-server
  repository: https://airbytehq.github.io/helm-charts/
  version: 1.2.0
- name: workload-launcher
  repository: https://airbytehq.github.io/helm-charts/
  version: 1.2.0
- name: pod-sweeper
  repository: https://airbytehq.github.io/helm-charts/
  version: 1.2.0
- name: metrics
  repository: https://airbytehq.github.io/helm-charts/
  version: 1.2.0
- name: cron
  repository: https://airbytehq.github.io/helm-charts/
  version: 1.2.0
- name: connector-builder-server
  repository: https://airbytehq.github.io/helm-charts/
  version: 1.2.0
- name: connector-rollout-worker
  repository: https://airbytehq.github.io/helm-charts/
  version: 1.2.0
- name: keycloak
  repository: https://airbytehq.github.io/helm-charts/
  version: 1.2.0
- name: keycloak-setup
  repository: https://airbytehq.github.io/helm-charts/
  version: 1.2.0
digest: sha256:b961e0cea6c562b9e198aa7fc6a73d913e066d600099b15e2530539dc84b5188
generated: "2024-12-06T14:01:16.900954+01:00"
